fonts-khmeros-core=5.0-9ubuntu1
ros-build-essential=1.0.1
ros-dev-tools=1.0.1
ros-humble-action-msgs=1.2.1-1jammy.20240729.092958
ros-humble-action-tutorials-cpp=0.20.5-1jammy.20240731.042223
ros-humble-action-tutorials-interfaces=0.20.5-1jammy.20240729.093613
ros-humble-action-tutorials-py=0.20.5-1jammy.20240729.111554
ros-humble-actionlib-msgs=4.2.4-1jammy.20240730.192734
ros-humble-ament-cmake=1.3.10-1jammy.20240728.194224
ros-humble-ament-cmake-auto=1.3.10-1jammy.20240728.194642
ros-humble-ament-cmake-copyright=0.12.11-1jammy.20240728.232229
ros-humble-ament-cmake-core=1.3.10-1jammy.20240728.190555
ros-humble-ament-cmake-cppcheck=0.12.11-1jammy.20240728.233425
ros-humble-ament-cmake-cpplint=0.12.11-1jammy.20240729.003927
ros-humble-ament-cmake-export-definitions=1.3.10-1jammy.20240728.192627
ros-humble-ament-cmake-export-dependencies=1.3.10-1jammy.20240728.192624
ros-humble-ament-cmake-export-include-directories=1.3.10-1jammy.20240728.192647
ros-humble-ament-cmake-export-interfaces=1.3.10-1jammy.20240728.192338
ros-humble-ament-cmake-export-libraries=1.3.10-1jammy.20240728.192309
ros-humble-ament-cmake-export-link-flags=1.3.10-1jammy.20240728.192650
ros-humble-ament-cmake-export-targets=1.3.10-1jammy.20240728.192340
ros-humble-ament-cmake-flake8=0.12.11-1jammy.20240729.003755
ros-humble-ament-cmake-gen-version-h=1.3.10-1jammy.20240728.193721
ros-humble-ament-cmake-gmock=1.3.10-1jammy.20240728.193729
ros-humble-ament-cmake-gtest=1.3.10-1jammy.20240728.193657
ros-humble-ament-cmake-include-directories=1.3.10-1jammy.20240728.192654
ros-humble-ament-cmake-libraries=1.3.10-1jammy.20240728.192601
ros-humble-ament-cmake-lint-cmake=0.12.11-1jammy.20240728.231738
ros-humble-ament-cmake-pep257=0.12.11-1jammy.20240728.232907
ros-humble-ament-cmake-pytest=1.3.10-1jammy.20240728.192902
ros-humble-ament-cmake-python=1.3.10-1jammy.20240728.192349
ros-humble-ament-cmake-ros=0.10.0-3jammy.20240729.010148
ros-humble-ament-cmake-target-dependencies=1.3.10-1jammy.20240728.192721
ros-humble-ament-cmake-test=1.3.10-1jammy.20240728.192415
ros-humble-ament-cmake-uncrustify=0.12.11-1jammy.20240728.233109
ros-humble-ament-cmake-version=1.3.10-1jammy.20240728.192710
ros-humble-ament-cmake-xmllint=0.12.11-1jammy.20240728.233631
ros-humble-ament-copyright=0.12.11-1jammy.20240728.222217
ros-humble-ament-cppcheck=0.12.11-1jammy.20240728.192312
ros-humble-ament-cpplint=0.12.11-1jammy.20240729.003525
ros-humble-ament-flake8=0.12.11-1jammy.20240728.221245
ros-humble-ament-index-cpp=1.4.0-2jammy.20240729.010222
ros-humble-ament-index-python=1.4.0-2jammy.20240728.225404
ros-humble-ament-lint=0.12.11-1jammy.20240728.192724
ros-humble-ament-lint-auto=0.12.11-1jammy.20240728.193110
ros-humble-ament-lint-cmake=0.12.11-1jammy.20240728.231139
ros-humble-ament-lint-common=0.12.11-1jammy.20240729.004448
ros-humble-ament-package=0.14.0-4jammy.20220421.001218
ros-humble-ament-pep257=0.12.11-1jammy.20240728.221804
ros-humble-ament-uncrustify=0.12.11-1jammy.20240728.222918
ros-humble-ament-xmllint=0.12.11-1jammy.20240728.230604
ros-humble-angles=1.15.0-1jammy.20240728.200021
ros-humble-builtin-interfaces=1.2.1-1jammy.20240729.085502
ros-humble-camera-calibration-parsers=3.1.9-1jammy.20240730.224213
ros-humble-camera-info-manager=3.1.9-1jammy.20240730.224847
ros-humble-class-loader=2.2.0-3jammy.20240729.025935
ros-humble-common-interfaces=4.2.4-1jammy.20240730.213533
ros-humble-composition=0.20.5-1jammy.20240730.220535
ros-humble-composition-interfaces=1.2.1-1jammy.20240729.091411
ros-humble-compressed-depth-image-transport=2.5.2-1jammy.20240820.163103
ros-humble-compressed-image-transport=2.5.2-1jammy.20240820.163118
ros-humble-console-bridge-vendor=1.4.1-1jammy.20240729.014738
ros-humble-cv-bridge=3.2.1-1jammy.20240730.230105
ros-humble-demo-nodes-cpp=0.20.5-1jammy.20240730.220928
ros-humble-demo-nodes-cpp-native=0.20.5-1jammy.20240730.220942
ros-humble-demo-nodes-py=0.20.5-1jammy.20240730.104133
ros-humble-depthimage-to-laserscan=2.5.1-1jammy.20240730.231542
ros-humble-desktop=0.10.0-1jammy.20240909.182727
ros-humble-diagnostic-msgs=4.2.4-1jammy.20240730.201148
ros-humble-diagnostic-updater=4.0.0-1jammy.20240731.001810
ros-humble-domain-coordinator=0.10.0-3jammy.20240729.003341
ros-humble-dummy-map-server=0.20.5-1jammy.20240730.223731
ros-humble-dummy-robot-bringup=0.20.5-1jammy.20240830.230739
ros-humble-dummy-sensors=0.20.5-1jammy.20240730.224215
ros-humble-eigen3-cmake-module=0.1.1-4jammy.20240728.233828
ros-humble-example-interfaces=0.9.3-2jammy.20240729.094626
ros-humble-examples-rclcpp-minimal-action-client=0.15.2-1jammy.20240731.044913
ros-humble-examples-rclcpp-minimal-action-server=0.15.2-1jammy.20240731.045053
ros-humble-examples-rclcpp-minimal-client=0.15.2-1jammy.20240730.234112
ros-humble-examples-rclcpp-minimal-composition=0.15.2-1jammy.20240730.221015
ros-humble-examples-rclcpp-minimal-publisher=0.15.2-1jammy.20240730.214737
ros-humble-examples-rclcpp-minimal-service=0.15.2-1jammy.20240730.234222
ros-humble-examples-rclcpp-minimal-subscriber=0.15.2-1jammy.20240730.221125
ros-humble-examples-rclcpp-minimal-timer=0.15.2-1jammy.20240730.234248
ros-humble-examples-rclcpp-multithreaded-executor=0.15.2-1jammy.20240730.214748
ros-humble-examples-rclpy-executors=0.15.2-1jammy.20240730.104414
ros-humble-examples-rclpy-minimal-action-client=0.15.2-1jammy.20240729.111700
ros-humble-examples-rclpy-minimal-action-server=0.15.2-1jammy.20240729.110937
ros-humble-examples-rclpy-minimal-client=0.15.2-1jammy.20240730.104453
ros-humble-examples-rclpy-minimal-publisher=0.15.2-1jammy.20240730.104520
ros-humble-examples-rclpy-minimal-service=0.15.2-1jammy.20240730.104713
ros-humble-examples-rclpy-minimal-subscriber=0.15.2-1jammy.20240730.104712
ros-humble-fastcdr=1.0.24-2jammy.20240728.193317
ros-humble-fastrtps=2.6.8-1jammy.20240729.024740
ros-humble-fastrtps-cmake-module=2.2.2-2jammy.20240729.014755
ros-humble-foonathan-memory-vendor=1.2.0-3jammy.20240729.001903
ros-humble-geometry-msgs=4.2.4-1jammy.20240730.195354
ros-humble-geometry2=0.25.8-1jammy.20240830.203819
ros-humble-gmock-vendor=1.10.9006-1jammy.20240728.193706
ros-humble-gtest-vendor=1.10.9006-1jammy.20240728.193421
ros-humble-ignition-cmake2-vendor=0.0.2-2jammy.20240729.001243
ros-humble-ignition-math6-vendor=0.0.2-2jammy.20240729.002207
ros-humble-image-geometry=3.2.1-1jammy.20240730.230134
ros-humble-image-tools=0.20.5-1jammy.20240731.051905
ros-humble-image-transport=3.1.9-1jammy.20240820.161232
ros-humble-image-transport-plugins=2.5.2-1jammy.20240820.173314
ros-humble-interactive-markers=2.3.2-2jammy.20240831.063454
ros-humble-intra-process-demo=0.20.5-1jammy.20240730.215213
ros-humble-joy=3.3.0-1jammy.20240730.224257
ros-humble-kdl-parser=2.6.4-1jammy.20240822.151627
ros-humble-keyboard-handler=0.0.5-1jammy.20240729.015450
ros-humble-laser-geometry=2.4.0-2jammy.20240830.212411
ros-humble-launch=1.0.6-1jammy.20240728.225840
ros-humble-launch-ros=0.19.7-2jammy.20240729.124243
ros-humble-launch-testing=1.0.6-1jammy.20240729.023704
ros-humble-launch-testing-ament-cmake=1.0.6-1jammy.20240729.024050
ros-humble-launch-testing-ros=0.19.7-2jammy.20240730.104909
ros-humble-launch-xml=1.0.6-1jammy.20240728.230300
ros-humble-launch-yaml=1.0.6-1jammy.20240729.003009
ros-humble-libcurl-vendor=3.1.2-1jammy.20240728.202308
ros-humble-libstatistics-collector=1.3.2-1jammy.20240730.103801
ros-humble-libyaml-vendor=1.2.2-2jammy.20240729.031159
ros-humble-lifecycle=0.20.5-1jammy.20240731.003936
ros-humble-lifecycle-msgs=1.2.1-1jammy.20240729.092031
ros-humble-logging-demo=0.20.5-1jammy.20240730.221709
ros-humble-map-msgs=2.1.0-3jammy.20240730.203022
ros-humble-message-filters=4.3.5-1jammy.20240820.160623
ros-humble-nav-msgs=4.2.4-1jammy.20240730.201441
ros-humble-orocos-kdl-vendor=0.2.5-1jammy.20240729.020351
ros-humble-osrf-pycommon=2.0.2-2jammy.20240728.192535
ros-humble-pcl-conversions=2.4.5-2jammy.20240820.162522
ros-humble-pcl-msgs=1.0.0-7jammy.20240730.203348
ros-humble-pendulum-control=0.20.5-1jammy.20240731.053924
ros-humble-pendulum-msgs=0.20.5-1jammy.20240729.090106
ros-humble-pluginlib=5.1.0-3jammy.20240729.031139
ros-humble-pybind11-vendor=2.4.2-1jammy.20240728.203326
ros-humble-python-cmake-module=0.10.0-2jammy.20240729.020932
ros-humble-python-qt-binding=1.1.2-1jammy.20240729.020933
ros-humble-qt-dotgraph=2.2.3-2jammy.20240729.022051
ros-humble-qt-gui=2.2.3-2jammy.20240729.023050
ros-humble-qt-gui-cpp=2.2.3-2jammy.20240729.031941
ros-humble-qt-gui-py-common=2.2.3-2jammy.20240729.022214
ros-humble-quality-of-service-demo-cpp=0.20.5-1jammy.20240730.222339
ros-humble-quality-of-service-demo-py=0.20.5-1jammy.20240730.104953
ros-humble-rcl=5.3.9-1jammy.20240729.103830
ros-humble-rcl-action=5.3.9-1jammy.20240729.105250
ros-humble-rcl-interfaces=1.2.1-1jammy.20240729.090711
ros-humble-rcl-lifecycle=5.3.9-1jammy.20240729.105251
ros-humble-rcl-logging-interface=2.3.1-1jammy.20240729.031228
ros-humble-rcl-logging-spdlog=2.3.1-1jammy.20240729.034329
ros-humble-rcl-yaml-param-parser=5.3.9-1jammy.20240729.045444
ros-humble-rclcpp=16.0.10-1jammy.20240730.205618
ros-humble-rclcpp-action=16.0.10-1jammy.20240731.000616
ros-humble-rclcpp-components=16.0.10-1jammy.20240730.215754
ros-humble-rclcpp-lifecycle=16.0.10-1jammy.20240731.000821
ros-humble-rclpy=3.3.14-1jammy.20240729.110033
ros-humble-rcpputils=2.4.3-1jammy.20240729.025451
ros-humble-rcutils=5.1.6-1jammy.20240729.024528
ros-humble-resource-retriever=3.1.2-1jammy.20240729.020958
ros-humble-rmw=6.1.2-1jammy.20240729.044701
ros-humble-rmw-dds-common=1.6.0-2jammy.20240729.083238
ros-humble-rmw-fastrtps-cpp=6.2.7-1jammy.20240729.100132
ros-humble-rmw-fastrtps-shared-cpp=6.2.7-1jammy.20240729.083940
ros-humble-rmw-implementation=2.8.4-1jammy.20240729.103229
ros-humble-rmw-implementation-cmake=6.1.2-1jammy.20240729.021717
ros-humble-robot-state-publisher=3.0.3-2jammy.20240830.215805
ros-humble-ros-base=0.10.0-1jammy.20240830.221611
ros-humble-ros-core=0.10.0-1jammy.20240731.131604
ros-humble-ros-environment=3.2.2-1jammy.20240728.192538
ros-humble-ros-workspace=1.0.2-2jammy.20240728.191156
ros-humble-ros2action=0.18.11-1jammy.20240731.124305
ros-humble-ros2bag=0.15.12-1jammy.20240731.130308
ros-humble-ros2cli=0.18.11-1jammy.20240729.111656
ros-humble-ros2cli-common-extensions=0.1.1-4jammy.20240731.131529
ros-humble-ros2component=0.18.11-1jammy.20240731.131049
ros-humble-ros2doctor=0.18.11-1jammy.20240730.192013
ros-humble-ros2interface=0.18.11-1jammy.20240731.124306
ros-humble-ros2launch=0.19.7-2jammy.20240731.121833
ros-humble-ros2lifecycle=0.18.11-1jammy.20240731.130345
ros-humble-ros2multicast=0.18.11-1jammy.20240730.075043
ros-humble-ros2node=0.18.11-1jammy.20240730.205628
ros-humble-ros2param=0.18.11-1jammy.20240731.130355
ros-humble-ros2pkg=0.18.11-1jammy.20240730.205634
ros-humble-ros2run=0.18.11-1jammy.20240731.053557
ros-humble-ros2service=0.18.11-1jammy.20240731.124734
ros-humble-ros2topic=0.18.11-1jammy.20240731.124829
ros-humble-rosbag2=0.15.12-1jammy.20240731.131632
ros-humble-rosbag2-compression=0.15.12-1jammy.20240730.224456
ros-humble-rosbag2-compression-zstd=0.15.12-1jammy.20240730.224955
ros-humble-rosbag2-cpp=0.15.12-1jammy.20240730.223228
ros-humble-rosbag2-interfaces=0.15.12-1jammy.20240730.210423
ros-humble-rosbag2-py=0.15.12-1jammy.20240731.124022
ros-humble-rosbag2-storage=0.15.12-1jammy.20240730.220420
ros-humble-rosbag2-storage-default-plugins=0.15.12-1jammy.20240730.222506
ros-humble-rosbag2-transport=0.15.12-1jammy.20240730.225231
ros-humble-rosgraph-msgs=1.2.1-1jammy.20240729.091800
ros-humble-rosidl-adapter=3.1.5-2jammy.20240729.005432
ros-humble-rosidl-cli=3.1.5-2jammy.20240728.230638
ros-humble-rosidl-cmake=3.1.5-2jammy.20240729.022240
ros-humble-rosidl-default-generators=1.2.0-2jammy.20240729.082440
ros-humble-rosidl-default-runtime=1.2.0-2jammy.20240729.082832
ros-humble-rosidl-generator-c=3.1.5-2jammy.20240729.030209
ros-humble-rosidl-generator-cpp=3.1.5-2jammy.20240729.031223
ros-humble-rosidl-generator-py=0.14.4-1jammy.20240729.061721
ros-humble-rosidl-parser=3.1.5-2jammy.20240729.021742
ros-humble-rosidl-runtime-c=3.1.5-2jammy.20240729.025542
ros-humble-rosidl-runtime-cpp=3.1.5-2jammy.20240729.030653
ros-humble-rosidl-runtime-py=0.9.3-1jammy.20240731.121200
ros-humble-rosidl-typesupport-c=2.0.1-1jammy.20240729.031206
ros-humble-rosidl-typesupport-cpp=2.0.1-1jammy.20240729.032128
ros-humble-rosidl-typesupport-fastrtps-c=2.2.2-2jammy.20240729.051139
ros-humble-rosidl-typesupport-fastrtps-cpp=2.2.2-2jammy.20240729.050056
ros-humble-rosidl-typesupport-interface=3.1.5-2jammy.20240729.021812
ros-humble-rosidl-typesupport-introspection-c=3.1.5-2jammy.20240729.030741
ros-humble-rosidl-typesupport-introspection-cpp=3.1.5-2jammy.20240729.031635
ros-humble-rpyutils=0.2.1-2jammy.20240728.230658
ros-humble-rqt-action=2.0.1-3jammy.20240730.211234
ros-humble-rqt-bag=1.1.5-1jammy.20240731.130328
ros-humble-rqt-bag-plugins=1.1.5-1jammy.20240731.132046
ros-humble-rqt-common-plugins=1.2.0-1jammy.20240820.173127
ros-humble-rqt-console=2.0.3-1jammy.20240730.210816
ros-humble-rqt-graph=1.3.1-1jammy.20240730.210956
ros-humble-rqt-gui=1.1.7-1jammy.20240730.102722
ros-humble-rqt-gui-cpp=1.1.7-1jammy.20240731.050355
ros-humble-rqt-gui-py=1.1.7-1jammy.20240730.205555
ros-humble-rqt-image-view=1.2.0-2jammy.20240820.161956
ros-humble-rqt-msg=1.2.0-1jammy.20240730.211206
ros-humble-rqt-plot=1.1.2-1jammy.20240730.210652
ros-humble-rqt-publisher=1.5.0-1jammy.20240730.211104
ros-humble-rqt-py-common=1.1.7-1jammy.20240729.113951
ros-humble-rqt-py-console=1.0.2-3jammy.20240730.211117
ros-humble-rqt-reconfigure=1.1.2-1jammy.20240730.211209
ros-humble-rqt-service-caller=1.0.5-3jammy.20240730.211252
ros-humble-rqt-shell=1.0.2-3jammy.20240730.211305
ros-humble-rqt-srv=1.0.3-3jammy.20240730.211237
ros-humble-rqt-topic=1.5.0-1jammy.20240730.211402
ros-humble-rttest=0.13.0-2jammy.20240729.022511
ros-humble-rviz-assimp-vendor=11.2.13-1jammy.20240730.210407
ros-humble-rviz-common=11.2.13-1jammy.20240830.225529
ros-humble-rviz-default-plugins=11.2.13-1jammy.20240831.070923
ros-humble-rviz-ogre-vendor=11.2.13-1jammy.20240730.205736
ros-humble-rviz-rendering=11.2.13-1jammy.20240730.213938
ros-humble-rviz2=11.2.13-1jammy.20240831.083147
ros-humble-sdl2-vendor=3.3.0-1jammy.20240728.195017
ros-humble-sensor-msgs=4.2.4-1jammy.20240730.201845
ros-humble-sensor-msgs-py=4.2.4-1jammy.20240730.230245
ros-humble-shape-msgs=4.2.4-1jammy.20240730.212751
ros-humble-shared-queues-vendor=0.15.12-1jammy.20240730.210213
ros-humble-spdlog-vendor=1.3.1-1jammy.20240729.022907
ros-humble-sqlite3-vendor=0.15.12-1jammy.20240730.210000
ros-humble-sros2=0.10.5-1jammy.20240730.231911
ros-humble-sros2-cmake=0.10.5-1jammy.20240731.053237
ros-humble-statistics-msgs=1.2.1-1jammy.20240729.101739
ros-humble-std-msgs=4.2.4-1jammy.20240730.102738
ros-humble-std-srvs=4.2.4-1jammy.20240729.092812
ros-humble-stereo-msgs=4.2.4-1jammy.20240730.203503
ros-humble-tango-icons-vendor=0.1.1-3jammy.20240729.023023
ros-humble-teleop-twist-joy=2.4.7-1jammy.20240909.182409
ros-humble-teleop-twist-keyboard=2.4.0-1jammy.20240730.211428
ros-humble-tf2=0.25.8-1jammy.20240830.180942
ros-humble-tf2-bullet=0.25.8-1jammy.20240830.203434
ros-humble-tf2-eigen=0.25.8-1jammy.20240830.203438
ros-humble-tf2-eigen-kdl=0.25.8-1jammy.20240830.201450
ros-humble-tf2-geometry-msgs=0.25.8-1jammy.20240830.203526
ros-humble-tf2-kdl=0.25.8-1jammy.20240830.203438
ros-humble-tf2-msgs=0.25.8-1jammy.20240830.181025
ros-humble-tf2-py=0.25.8-1jammy.20240830.201507
ros-humble-tf2-ros=0.25.8-1jammy.20240830.201510
ros-humble-tf2-ros-py=0.25.8-1jammy.20240830.201728
ros-humble-tf2-sensor-msgs=0.25.8-1jammy.20240830.203537
ros-humble-tf2-tools=0.25.8-1jammy.20240830.201923
ros-humble-theora-image-transport=2.5.2-1jammy.20240820.163221
ros-humble-tinyxml-vendor=0.8.3-2jammy.20240729.002927
ros-humble-tinyxml2-vendor=0.7.6-1jammy.20240728.232449
ros-humble-tlsf=0.7.0-2jammy.20240729.023838
ros-humble-tlsf-cpp=0.13.0-2jammy.20240730.220036
ros-humble-topic-monitor=0.20.5-1jammy.20240730.104911
ros-humble-tracetools=4.1.1-1jammy.20240729.013230
ros-humble-trajectory-msgs=4.2.4-1jammy.20240730.203944
ros-humble-turtlesim=1.4.2-1jammy.20240731.002359
ros-humble-twist-mux=4.3.0-1jammy.20240731.002744
ros-humble-twist-mux-msgs=3.0.1-1jammy.20240729.095412
ros-humble-uncrustify-vendor=2.0.2-2jammy.20240728.204701
ros-humble-unique-identifier-msgs=2.2.1-3jammy.20240729.092920
ros-humble-urdf=2.6.1-1jammy.20240822.151533
ros-humble-urdf-parser-plugin=2.6.1-1jammy.20240822.151135
ros-humble-urdfdom=3.0.2-2jammy.20240729.015325
ros-humble-urdfdom-headers=1.0.6-2jammy.20240728.220455
ros-humble-v4l2-camera=0.6.2-1jammy.20240820.162936
ros-humble-visualization-msgs=4.2.4-1jammy.20240730.203805
ros-humble-yaml-cpp-vendor=8.0.2-1jammy.20240728.205321
ros-humble-zstd-vendor=0.15.12-1jammy.20240730.210229
